lockfileVersion: '9.0'

settings:
  autoInstallPeers: true
  excludeLinksFromLockfile: false

importers:

  .:
    dependencies:
      '@aztec/bb.js':
        specifier: 0.87.0
        version: 0.87.0
      '@noir-lang/noir_js':
        specifier: 1.0.0-beta.11
        version: 1.0.0-beta.11
      toml:
        specifier: ^3.0.0
        version: 3.0.0
    devDependencies:
      '@types/node':
        specifier: ^20.0.0
        version: 20.19.22

packages:

  '@aztec/bb.js@0.87.0':
    resolution: {integrity: sha512-1tGxrJc/or9p4zwP7yvSLHU0z0N/DQGLfIeTYRdlQQPBMcnKX51rMI0PJ07/zZj0XxwHVFlqtV+PqvFBszIPwA==}
    hasBin: true

  '@msgpackr-extract/msgpackr-extract-darwin-arm64@3.0.3':
    resolution: {integrity: sha512-QZHtlVgbAdy2zAqNA9Gu1UpIuI8Xvsd1v8ic6B2pZmeFnFcMWiPLfWXh7TVw4eGEZ/C9TH281KwhVoeQUKbyjw==}
    cpu: [arm64]
    os: [darwin]

  '@msgpackr-extract/msgpackr-extract-darwin-x64@3.0.3':
    resolution: {integrity: sha512-mdzd3AVzYKuUmiWOQ8GNhl64/IoFGol569zNRdkLReh6LRLHOXxU4U8eq0JwaD8iFHdVGqSy4IjFL4reoWCDFw==}
    cpu: [x64]
    os: [darwin]

  '@msgpackr-extract/msgpackr-extract-linux-arm64@3.0.3':
    resolution: {integrity: sha512-YxQL+ax0XqBJDZiKimS2XQaf+2wDGVa1enVRGzEvLLVFeqa5kx2bWbtcSXgsxjQB7nRqqIGFIcLteF/sHeVtQg==}
    cpu: [arm64]
    os: [linux]

  '@msgpackr-extract/msgpackr-extract-linux-arm@3.0.3':
    resolution: {integrity: sha512-fg0uy/dG/nZEXfYilKoRe7yALaNmHoYeIoJuJ7KJ+YyU2bvY8vPv27f7UKhGRpY6euFYqEVhxCFZgAUNQBM3nw==}
    cpu: [arm]
    os: [linux]

  '@msgpackr-extract/msgpackr-extract-linux-x64@3.0.3':
    resolution: {integrity: sha512-cvwNfbP07pKUfq1uH+S6KJ7dT9K8WOE4ZiAcsrSes+UY55E/0jLYc+vq+DO7jlmqRb5zAggExKm0H7O/CBaesg==}
    cpu: [x64]
    os: [linux]

  '@msgpackr-extract/msgpackr-extract-win32-x64@3.0.3':
    resolution: {integrity: sha512-x0fWaQtYp4E6sktbsdAqnehxDgEc/VwM7uLsRCYWaiGu0ykYdZPiS8zCWdnjHwyiumousxfBm4SO31eXqwEZhQ==}
    cpu: [x64]
    os: [win32]

  '@noir-lang/acvm_js@1.0.0-beta.11':
    resolution: {integrity: sha512-g1CeqJlWNyJx1j+1t9sm3MxnDChbWSHa9UOOIQYBskxczhUHuUVfYve3xbe0DwSEiIBQ3gmTIKDmRPs+QboPvA==}

  '@noir-lang/noir_js@1.0.0-beta.11':
    resolution: {integrity: sha512-pZlz5/mGooHBUnucUULmbdU3gicxbaCg7t+wNoBN45JuFMU4vV32As4C1aTNNJDpDFaGupV7yXKVRcsJNTZ49w==}

  '@noir-lang/noirc_abi@1.0.0-beta.11':
    resolution: {integrity: sha512-D8nBgDGYe8uu4meu9ctGo52KIa0NeE/u2GBQi4DHJzE7/q5dVEqSyVVPImOyZWpvjPvb6thySxcDWbqY6JxOiw==}

  '@noir-lang/types@1.0.0-beta.11':
    resolution: {integrity: sha512-b9zeK/uxecsOKxsgqRszNYtj7Z3A9k//GF4uQIzvYbDWyrPGgnfi297ysXZ8lqKV4xBSQ93qNp+VzW4XaTBGjQ==}

  '@types/node@20.19.22':
    resolution: {integrity: sha512-hRnu+5qggKDSyWHlnmThnUqg62l29Aj/6vcYgUaSFL9oc7DVjeWEQN3PRgdSc6F8d9QRMWkf36CLMch1Do/+RQ==}

  comlink@4.4.2:
    resolution: {integrity: sha512-OxGdvBmJuNKSCMO4NTl1L47VRp6xn2wG4F/2hYzB6tiCb709otOxtEYCSvK80PtjODfXXZu8ds+Nw5kVCjqd2g==}

  commander@12.1.0:
    resolution: {integrity: sha512-Vw8qHK3bZM9y/P10u3Vib8o/DdkvA2OtPtZvD871QKjy74Wj1WSKFILMPRPSdUSx5RFK1arlJzEtA4PkFgnbuA==}
    engines: {node: '>=18'}

  debug@4.4.3:
    resolution: {integrity: sha512-RGwwWnwQvkVfavKVt22FGLw+xYSdzARwm0ru6DhTVA3umU5hZc28V3kO4stgYryrTlLpuvgI9GiijltAjNbcqA==}
    engines: {node: '>=6.0'}
    peerDependencies:
      supports-color: '*'
    peerDependenciesMeta:
      supports-color:
        optional: true

  detect-libc@2.1.2:
    resolution: {integrity: sha512-Btj2BOOO83o3WyH59e8MgXsxEQVcarkUOpEYrubB0urwnN10yQ364rsiByU11nZlqWYZm05i/of7io4mzihBtQ==}
    engines: {node: '>=8'}

  fflate@0.8.2:
    resolution: {integrity: sha512-cPJU47OaAoCbg0pBvzsgpTPhmhqI5eJjh/JIu8tPj5q+T7iLvW/JAYUqmE7KOB4R1ZyEhzBaIQpQpardBF5z8A==}

  ms@2.1.3:
    resolution: {integrity: sha512-6FlzubTLZG3J2a/NVCAleEhjzq5oxgHyaCU9yYXvcLsvoVaHJq/s5xXI6/XXP6tz7R9xAOtHnSO/tXtF3WRTlA==}

  msgpackr-extract@3.0.3:
    resolution: {integrity: sha512-P0efT1C9jIdVRefqjzOQ9Xml57zpOXnIuS+csaB4MdZbTdmGDLo8XhzBG1N7aO11gKDDkJvBLULeFTo46wwreA==}
    hasBin: true

  msgpackr@1.11.5:
    resolution: {integrity: sha512-UjkUHN0yqp9RWKy0Lplhh+wlpdt9oQBYgULZOiFhV3VclSF1JnSQWZ5r9gORQlNYaUKQoR8itv7g7z1xDDuACA==}

  node-gyp-build-optional-packages@5.2.2:
    resolution: {integrity: sha512-s+w+rBWnpTMwSFbaE0UXsRlg7hU4FjekKU4eyAih5T8nJuNZT1nNsskXpxmeqSK9UzkBl6UgRlnKc8hz8IEqOw==}
    hasBin: true

  pako@2.1.0:
    resolution: {integrity: sha512-w+eufiZ1WuJYgPXbV/PO3NCMEc3xqylkKHzp8bxp1uW4qaSNQUkwmLLEc3kKsfz8lpV1F8Ht3U1Cm+9Srog2ug==}

  toml@3.0.0:
    resolution: {integrity: sha512-y/mWCZinnvxjTKYhJ+pYxwD0mRLVvOtdS2Awbgxln6iEnt4rk0yBxeSBHkGJcPucRiG0e55mwWp+g/05rsrd6w==}

  tslib@2.8.1:
    resolution: {integrity: sha512-oJFu94HQb+KVduSUQL7wnpmqnfmLsOA/nAh6b6EH0wCEoK0/mPeXU6c3wKDV83MkOuHPRHtSXKKU99IBazS/2w==}

  undici-types@6.21.0:
    resolution: {integrity: sha512-iwDZqg0QAGrg9Rav5H4n0M64c3mkR59cJ6wQp+7C4nI0gsmExaedaYLNO44eT4AtBBwjbTiGPMlt2Md0T9H9JQ==}

snapshots:

  '@aztec/bb.js@0.87.0':
    dependencies:
      comlink: 4.4.2
      commander: 12.1.0
      debug: 4.4.3
      fflate: 0.8.2
      msgpackr: 1.11.5
      pako: 2.1.0
      tslib: 2.8.1
    transitivePeerDependencies:
      - supports-color

  '@msgpackr-extract/msgpackr-extract-darwin-arm64@3.0.3':
    optional: true

  '@msgpackr-extract/msgpackr-extract-darwin-x64@3.0.3':
    optional: true

  '@msgpackr-extract/msgpackr-extract-linux-arm64@3.0.3':
    optional: true

  '@msgpackr-extract/msgpackr-extract-linux-arm@3.0.3':
    optional: true

  '@msgpackr-extract/msgpackr-extract-linux-x64@3.0.3':
    optional: true

  '@msgpackr-extract/msgpackr-extract-win32-x64@3.0.3':
    optional: true

  '@noir-lang/acvm_js@1.0.0-beta.11': {}

  '@noir-lang/noir_js@1.0.0-beta.11':
    dependencies:
      '@noir-lang/acvm_js': 1.0.0-beta.11
      '@noir-lang/noirc_abi': 1.0.0-beta.11
      '@noir-lang/types': 1.0.0-beta.11
      pako: 2.1.0

  '@noir-lang/noirc_abi@1.0.0-beta.11':
    dependencies:
      '@noir-lang/types': 1.0.0-beta.11

  '@noir-lang/types@1.0.0-beta.11': {}

  '@types/node@20.19.22':
    dependencies:
      undici-types: 6.21.0

  comlink@4.4.2: {}

  commander@12.1.0: {}

  debug@4.4.3:
    dependencies:
      ms: 2.1.3

  detect-libc@2.1.2:
    optional: true

  fflate@0.8.2: {}

  ms@2.1.3: {}

  msgpackr-extract@3.0.3:
    dependencies:
      node-gyp-build-optional-packages: 5.2.2
    optionalDependencies:
      '@msgpackr-extract/msgpackr-extract-darwin-arm64': 3.0.3
      '@msgpackr-extract/msgpackr-extract-darwin-x64': 3.0.3
      '@msgpackr-extract/msgpackr-extract-linux-arm': 3.0.3
      '@msgpackr-extract/msgpackr-extract-linux-arm64': 3.0.3
      '@msgpackr-extract/msgpackr-extract-linux-x64': 3.0.3
      '@msgpackr-extract/msgpackr-extract-win32-x64': 3.0.3
    optional: true

  msgpackr@1.11.5:
    optionalDependencies:
      msgpackr-extract: 3.0.3

  node-gyp-build-optional-packages@5.2.2:
    dependencies:
      detect-libc: 2.1.2
    optional: true

  pako@2.1.0: {}

  toml@3.0.0: {}

  tslib@2.8.1: {}

  undici-types@6.21.0: {}
